{
    "code.google.com/p/goauth2/oauth": "afe77d958c70",
    "github.com/awslabs/aws-sdk-go/aws": "29717a72a2fc649e790ce97dc2c4d96e32950844",
    "github.com/awslabs/aws-sdk-go/service/ec2": "29717a72a2fc649e790ce97dc2c4d96e32950844",
    "github.com/awslabs/aws-sdk-go/service/elb": "29717a72a2fc649e790ce97dc2c4d96e32950844",
    "github.com/barakmich/go-nyet": "fba7607fa3f727680833b0c44f35b448dbe5c5a8",
    "github.com/cockroachdb/clog": "3efda75b783a341e5fa6410a1fde7c0eded6b340",
    "github.com/cockroachdb/cockroach/util": "c562014166488b1d196a2afb739f21aaebc75e51",
    "github.com/dkulchenko/bunch": "75101f3adabacb51864277bfe450288482c4ca5c",
    "github.com/ghemawat/stream": "9adabcb0883a14e5a6619d13e60892e2c6417a4e",
    "github.com/gogo/protobuf/proto": "b9e369e8ffb6773efc654ea13594566404314ee1",
    "github.com/golang/lint/golint": "14b90a5a5501db8773a53730d1f814ccb13271f6",
    "github.com/inconshreveable/mousetrap": "76626ae9c91c4f2a10f34cad8ce83ea42c93bb75",
    "github.com/kisielk/errcheck": "a48456c583c0111c8310fc59335f6496b8eb85f1",
    "github.com/spf13/cobra": "8f5946caaeeff40a98d67f60c25e89c3525038a3",
    "github.com/spf13/pflag": "b91b2a94780f4e6b4d3b0c12fd9b5f4b05b1aa45",
    "golang.org/x/net/context": "621fff363a1d9ad7fdd0bfa9d80a42881267deb4",
    "golang.org/x/tools/cmd/goimports": "3d1847243ea4f07666a91110f48e79e43396603d",
    "google.golang.org/api/compute/v1": "d56f328dc27a4097cd0fc535e7c77807f48a2e84",
    "google.golang.org/api/googleapi": "d56f328dc27a4097cd0fc535e7c77807f48a2e84",
    "google.golang.org/api/resourceviews/v1beta2": "d56f328dc27a4097cd0fc535e7c77807f48a2e84",
    "gopkg.in/yaml.v1": "9f9df34309c04878acc86042b16630b0f696e1de"
}
