{
    "code.google.com/p/goauth2/oauth": "afe77d958c70",
    "github.com/awslabs/aws-sdk-go/aws": "deaa78b60cfd55045252c52f4f7840c6d697c491",
    "github.com/awslabs/aws-sdk-go/service/ec2": "deaa78b60cfd55045252c52f4f7840c6d697c491",
    "github.com/awslabs/aws-sdk-go/service/elb": "deaa78b60cfd55045252c52f4f7840c6d697c491",
    "github.com/barakmich/go-nyet": "fba7607fa3f727680833b0c44f35b448dbe5c5a8",
    "github.com/cockroachdb/clog": "3efda75b783a341e5fa6410a1fde7c0eded6b340",
    "github.com/cockroachdb/cockroach/util": "2f9b2c3cab98839deef4375ef950629fb1eb425d",
    "github.com/dkulchenko/bunch": "36a42287c2471f9798763a1db6dd39d218d8cc9a",
    "github.com/ghemawat/stream": "9adabcb0883a14e5a6619d13e60892e2c6417a4e",
    "github.com/gogo/protobuf/proto": "b9e369e8ffb6773efc654ea13594566404314ee1",
    "github.com/golang/lint/golint": "14b90a5a5501db8773a53730d1f814ccb13271f6",
    "github.com/inconshreveable/mousetrap": "76626ae9c91c4f2a10f34cad8ce83ea42c93bb75",
    "github.com/kisielk/errcheck": "a48456c583c0111c8310fc59335f6496b8eb85f1",
    "github.com/spf13/cobra": "d910a04b50558720351969b37a39a931b37b99c7",
    "github.com/spf13/pflag": "b91b2a94780f4e6b4d3b0c12fd9b5f4b05b1aa45",
    "golang.org/x/net/context": "bb64f4dc73d4ab97978d5e1cb34515dcc570361b",
    "golang.org/x/tools/cmd/goimports": "45716cd4c6ff17c3ef8a40254ab0708bbe35a4ef",
    "google.golang.org/api/compute/v1": "1a824969ec4609413551ef14763eb1dcb36e7508",
    "google.golang.org/api/googleapi": "1a824969ec4609413551ef14763eb1dcb36e7508",
    "google.golang.org/api/resourceviews/v1beta2": "1a824969ec4609413551ef14763eb1dcb36e7508",
    "gopkg.in/yaml.v1": "9f9df34309c04878acc86042b16630b0f696e1de"
}
